
Microsoft Visual Studio Solution File, Format Version 12.00
# Visual Studio 15
VisualStudioVersion = 15.0.28307.539
MinimumVisualStudioVersion = 10.0.40219.1
Project("{FAE04EC0-301F-11D3-BF4B-00C04F79EFBC}") = "Xam.Tests.Android", "Xam.Tests\Xam.Tests.Android\Xam.Tests.Android.csproj", "{51A4DE04-4773-49D3-A9D6-4B8FB582B6E0}"
EndProject
Project("{FAE04EC0-301F-11D3-BF4B-00C04F79EFBC}") = "Xam.Tests.iOS", "Xam.Tests\Xam.Tests.iOS\Xam.Tests.iOS.csproj", "{DFF3C6B4-7EED-4836-96B1-07FE449CD3CE}"
EndProject
Project("{FAE04EC0-301F-11D3-BF4B-00C04F79EFBC}") = "Xam.Tests.UWP", "Xam.Tests\Xam.Tests.UWP\Xam.Tests.UWP.csproj", "{D41FCF56-0A76-4C9D-89E1-90F240DFC7A2}"
EndProject
Project("{FAE04EC0-301F-11D3-BF4B-00C04F79EFBC}") = "Xam.Tests", "Xam.Tests\Xam.Tests\Xam.Tests.csproj", "{82CEF283-4CCD-47C3-81AB-CD58367A26F7}"
EndProject
Global
	GlobalSection(SolutionConfigurationPlatforms) = preSolution
		Ad-Hoc|Any CPU = Ad-Hoc|Any CPU
		Ad-Hoc|ARM = Ad-Hoc|ARM
		Ad-Hoc|iPhone = Ad-Hoc|iPhone
		Ad-Hoc|iPhoneSimulator = Ad-Hoc|iPhoneSimulator
		Ad-Hoc|x64 = Ad-Hoc|x64
		Ad-Hoc|x86 = Ad-Hoc|x86
		AppStore|Any CPU = AppStore|Any CPU
		AppStore|ARM = AppStore|ARM
		AppStore|iPhone = AppStore|iPhone
		AppStore|iPhoneSimulator = AppStore|iPhoneSimulator
		AppStore|x64 = AppStore|x64
		AppStore|x86 = AppStore|x86
		Debug|Any CPU = Debug|Any CPU
		Debug|ARM = Debug|ARM
		Debug|iPhone = Debug|iPhone
		Debug|iPhoneSimulator = Debug|iPhoneSimulator
		Debug|x64 = Debug|x64
		Debug|x86 = Debug|x86
		Release|Any CPU = Release|Any CPU
		Release|ARM = Release|ARM
		Release|iPhone = Release|iPhone
		Release|iPhoneSimulator = Release|iPhoneSimulator
		Release|x64 = Release|x64
		Release|x86 = Release|x86
	EndGlobalSection
	GlobalSection(ProjectConfigurationPlatforms) = postSolution
		{51A4DE04-4773-49D3-A9D6-4B8FB582B6E0}.Ad-Hoc|Any CPU.ActiveCfg = Release|Any CPU
		{51A4DE04-4773-49D3-A9D6-4B8FB582B6E0}.Ad-Hoc|Any CPU.Build.0 = Release|Any CPU
		{51A4DE04-4773-49D3-A9D6-4B8FB582B6E0}.Ad-Hoc|Any CPU.Deploy.0 = Release|Any CPU
		{51A4DE04-4773-49D3-A9D6-4B8FB582B6E0}.Ad-Hoc|ARM.ActiveCfg = Release|Any CPU
		{51A4DE04-4773-49D3-A9D6-4B8FB582B6E0}.Ad-Hoc|ARM.Build.0 = Release|Any CPU
		{51A4DE04-4773-49D3-A9D6-4B8FB582B6E0}.Ad-Hoc|ARM.Deploy.0 = Release|Any CPU
		{51A4DE04-4773-49D3-A9D6-4B8FB582B6E0}.Ad-Hoc|iPhone.ActiveCfg = Release|Any CPU
		{51A4DE04-4773-49D3-A9D6-4B8FB582B6E0}.Ad-Hoc|iPhone.Build.0 = Release|Any CPU
		{51A4DE04-4773-49D3-A9D6-4B8FB582B6E0}.Ad-Hoc|iPhone.Deploy.0 = Release|Any CPU
		{51A4DE04-4773-49D3-A9D6-4B8FB582B6E0}.Ad-Hoc|iPhoneSimulator.ActiveCfg = Release|Any CPU
		{51A4DE04-4773-49D3-A9D6-4B8FB582B6E0}.Ad-Hoc|iPhoneSimulator.Build.0 = Release|Any CPU
		{51A4DE04-4773-49D3-A9D6-4B8FB582B6E0}.Ad-Hoc|iPhoneSimulator.Deploy.0 = Release|Any CPU
		{51A4DE04-4773-49D3-A9D6-4B8FB582B6E0}.Ad-Hoc|x64.ActiveCfg = Release|Any CPU
		{51A4DE04-4773-49D3-A9D6-4B8FB582B6E0}.Ad-Hoc|x64.Build.0 = Release|Any CPU
		{51A4DE04-4773-49D3-A9D6-4B8FB582B6E0}.Ad-Hoc|x64.Deploy.0 = Release|Any CPU
		{51A4DE04-4773-49D3-A9D6-4B8FB582B6E0}.Ad-Hoc|x86.ActiveCfg = Release|Any CPU
		{51A4DE04-4773-49D3-A9D6-4B8FB582B6E0}.Ad-Hoc|x86.Build.0 = Release|Any CPU
		{51A4DE04-4773-49D3-A9D6-4B8FB582B6E0}.Ad-Hoc|x86.Deploy.0 = Release|Any CPU
		{51A4DE04-4773-49D3-A9D6-4B8FB582B6E0}.AppStore|Any CPU.ActiveCfg = Release|Any CPU
		{51A4DE04-4773-49D3-A9D6-4B8FB582B6E0}.AppStore|Any CPU.Build.0 = Release|Any CPU
		{51A4DE04-4773-49D3-A9D6-4B8FB582B6E0}.AppStore|Any CPU.Deploy.0 = Release|Any CPU
		{51A4DE04-4773-49D3-A9D6-4B8FB582B6E0}.AppStore|ARM.ActiveCfg = Release|Any CPU
		{51A4DE04-4773-49D3-A9D6-4B8FB582B6E0}.AppStore|ARM.Build.0 = Release|Any CPU
		{51A4DE04-4773-49D3-A9D6-4B8FB582B6E0}.AppStore|ARM.Deploy.0 = Release|Any CPU
		{51A4DE04-4773-49D3-A9D6-4B8FB582B6E0}.AppStore|iPhone.ActiveCfg = Release|Any CPU
		{51A4DE04-4773-49D3-A9D6-4B8FB582B6E0}.AppStore|iPhone.Build.0 = Release|Any CPU
		{51A4DE04-4773-49D3-A9D6-4B8FB582B6E0}.AppStore|iPhone.Deploy.0 = Release|Any CPU
		{51A4DE04-4773-49D3-A9D6-4B8FB582B6E0}.AppStore|iPhoneSimulator.ActiveCfg = Release|Any CPU
		{51A4DE04-4773-49D3-A9D6-4B8FB582B6E0}.AppStore|iPhoneSimulator.Build.0 = Release|Any CPU
		{51A4DE04-4773-49D3-A9D6-4B8FB582B6E0}.AppStore|iPhoneSimulator.Deploy.0 = Release|Any CPU
		{51A4DE04-4773-49D3-A9D6-4B8FB582B6E0}.AppStore|x64.ActiveCfg = Release|Any CPU
		{51A4DE04-4773-49D3-A9D6-4B8FB582B6E0}.AppStore|x64.Build.0 = Release|Any CPU
		{51A4DE04-4773-49D3-A9D6-4B8FB582B6E0}.AppStore|x64.Deploy.0 = Release|Any CPU
		{51A4DE04-4773-49D3-A9D6-4B8FB582B6E0}.AppStore|x86.ActiveCfg = Release|Any CPU
		{51A4DE04-4773-49D3-A9D6-4B8FB582B6E0}.AppStore|x86.Build.0 = Release|Any CPU
		{51A4DE04-4773-49D3-A9D6-4B8FB582B6E0}.AppStore|x86.Deploy.0 = Release|Any CPU
		{51A4DE04-4773-49D3-A9D6-4B8FB582B6E0}.Debug|Any CPU.ActiveCfg = Debug|Any CPU
		{51A4DE04-4773-49D3-A9D6-4B8FB582B6E0}.Debug|Any CPU.Build.0 = Debug|Any CPU
		{51A4DE04-4773-49D3-A9D6-4B8FB582B6E0}.Debug|Any CPU.Deploy.0 = Debug|Any CPU
		{51A4DE04-4773-49D3-A9D6-4B8FB582B6E0}.Debug|ARM.ActiveCfg = Debug|Any CPU
		{51A4DE04-4773-49D3-A9D6-4B8FB582B6E0}.Debug|ARM.Build.0 = Debug|Any CPU
		{51A4DE04-4773-49D3-A9D6-4B8FB582B6E0}.Debug|ARM.Deploy.0 = Debug|Any CPU
		{51A4DE04-4773-49D3-A9D6-4B8FB582B6E0}.Debug|iPhone.ActiveCfg = Debug|Any CPU
		{51A4DE04-4773-49D3-A9D6-4B8FB582B6E0}.Debug|iPhone.Build.0 = Debug|Any CPU
		{51A4DE04-4773-49D3-A9D6-4B8FB582B6E0}.Debug|iPhone.Deploy.0 = Debug|Any CPU
		{51A4DE04-4773-49D3-A9D6-4B8FB582B6E0}.Debug|iPhoneSimulator.ActiveCfg = Debug|Any CPU
		{51A4DE04-4773-49D3-A9D6-4B8FB582B6E0}.Debug|iPhoneSimulator.Build.0 = Debug|Any CPU
		{51A4DE04-4773-49D3-A9D6-4B8FB582B6E0}.Debug|iPhoneSimulator.Deploy.0 = Debug|Any CPU
		{51A4DE04-4773-49D3-A9D6-4B8FB582B6E0}.Debug|x64.ActiveCfg = Debug|Any CPU
		{51A4DE04-4773-49D3-A9D6-4B8FB582B6E0}.Debug|x64.Build.0 = Debug|Any CPU
		{51A4DE04-4773-49D3-A9D6-4B8FB582B6E0}.Debug|x64.Deploy.0 = Debug|Any CPU
		{51A4DE04-4773-49D3-A9D6-4B8FB582B6E0}.Debug|x86.ActiveCfg = Debug|Any CPU
		{51A4DE04-4773-49D3-A9D6-4B8FB582B6E0}.Debug|x86.Build.0 = Debug|Any CPU
		{51A4DE04-4773-49D3-A9D6-4B8FB582B6E0}.Debug|x86.Deploy.0 = Debug|Any CPU
		{51A4DE04-4773-49D3-A9D6-4B8FB582B6E0}.Release|Any CPU.ActiveCfg = Release|Any CPU
		{51A4DE04-4773-49D3-A9D6-4B8FB582B6E0}.Release|Any CPU.Build.0 = Release|Any CPU
		{51A4DE04-4773-49D3-A9D6-4B8FB582B6E0}.Release|Any CPU.Deploy.0 = Release|Any CPU
		{51A4DE04-4773-49D3-A9D6-4B8FB582B6E0}.Release|ARM.ActiveCfg = Release|Any CPU
		{51A4DE04-4773-49D3-A9D6-4B8FB582B6E0}.Release|ARM.Build.0 = Release|Any CPU
		{51A4DE04-4773-49D3-A9D6-4B8FB582B6E0}.Release|ARM.Deploy.0 = Release|Any CPU
		{51A4DE04-4773-49D3-A9D6-4B8FB582B6E0}.Release|iPhone.ActiveCfg = Release|Any CPU
		{51A4DE04-4773-49D3-A9D6-4B8FB582B6E0}.Release|iPhone.Build.0 = Release|Any CPU
		{51A4DE04-4773-49D3-A9D6-4B8FB582B6E0}.Release|iPhone.Deploy.0 = Release|Any CPU
		{51A4DE04-4773-49D3-A9D6-4B8FB582B6E0}.Release|iPhoneSimulator.ActiveCfg = Release|Any CPU
		{51A4DE04-4773-49D3-A9D6-4B8FB582B6E0}.Release|iPhoneSimulator.Build.0 = Release|Any CPU
		{51A4DE04-4773-49D3-A9D6-4B8FB582B6E0}.Release|iPhoneSimulator.Deploy.0 = Release|Any CPU
		{51A4DE04-4773-49D3-A9D6-4B8FB582B6E0}.Release|x64.ActiveCfg = Release|Any CPU
		{51A4DE04-4773-49D3-A9D6-4B8FB582B6E0}.Release|x64.Build.0 = Release|Any CPU
		{51A4DE04-4773-49D3-A9D6-4B8FB582B6E0}.Release|x64.Deploy.0 = Release|Any CPU
		{51A4DE04-4773-49D3-A9D6-4B8FB582B6E0}.Release|x86.ActiveCfg = Release|Any CPU
		{51A4DE04-4773-49D3-A9D6-4B8FB582B6E0}.Release|x86.Build.0 = Release|Any CPU
		{51A4DE04-4773-49D3-A9D6-4B8FB582B6E0}.Release|x86.Deploy.0 = Release|Any CPU
		{DFF3C6B4-7EED-4836-96B1-07FE449CD3CE}.Ad-Hoc|Any CPU.ActiveCfg = Ad-Hoc|iPhone
		{DFF3C6B4-7EED-4836-96B1-07FE449CD3CE}.Ad-Hoc|Any CPU.Build.0 = Ad-Hoc|iPhone
		{DFF3C6B4-7EED-4836-96B1-07FE449CD3CE}.Ad-Hoc|Any CPU.Deploy.0 = Ad-Hoc|iPhone
		{DFF3C6B4-7EED-4836-96B1-07FE449CD3CE}.Ad-Hoc|ARM.ActiveCfg = Ad-Hoc|iPhone
		{DFF3C6B4-7EED-4836-96B1-07FE449CD3CE}.Ad-Hoc|ARM.Build.0 = Ad-Hoc|iPhone
		{DFF3C6B4-7EED-4836-96B1-07FE449CD3CE}.Ad-Hoc|ARM.Deploy.0 = Ad-Hoc|iPhone
		{DFF3C6B4-7EED-4836-96B1-07FE449CD3CE}.Ad-Hoc|iPhone.ActiveCfg = Ad-Hoc|iPhone
		{DFF3C6B4-7EED-4836-96B1-07FE449CD3CE}.Ad-Hoc|iPhone.Build.0 = Ad-Hoc|iPhone
		{DFF3C6B4-7EED-4836-96B1-07FE449CD3CE}.Ad-Hoc|iPhone.Deploy.0 = Ad-Hoc|iPhone
		{DFF3C6B4-7EED-4836-96B1-07FE449CD3CE}.Ad-Hoc|iPhoneSimulator.ActiveCfg = Ad-Hoc|iPhoneSimulator
		{DFF3C6B4-7EED-4836-96B1-07FE449CD3CE}.Ad-Hoc|iPhoneSimulator.Build.0 = Ad-Hoc|iPhoneSimulator
		{DFF3C6B4-7EED-4836-96B1-07FE449CD3CE}.Ad-Hoc|iPhoneSimulator.Deploy.0 = Ad-Hoc|iPhoneSimulator
		{DFF3C6B4-7EED-4836-96B1-07FE449CD3CE}.Ad-Hoc|x64.ActiveCfg = Ad-Hoc|iPhone
		{DFF3C6B4-7EED-4836-96B1-07FE449CD3CE}.Ad-Hoc|x64.Build.0 = Ad-Hoc|iPhone
		{DFF3C6B4-7EED-4836-96B1-07FE449CD3CE}.Ad-Hoc|x64.Deploy.0 = Ad-Hoc|iPhone
		{DFF3C6B4-7EED-4836-96B1-07FE449CD3CE}.Ad-Hoc|x86.ActiveCfg = Ad-Hoc|iPhone
		{DFF3C6B4-7EED-4836-96B1-07FE449CD3CE}.Ad-Hoc|x86.Build.0 = Ad-Hoc|iPhone
		{DFF3C6B4-7EED-4836-96B1-07FE449CD3CE}.Ad-Hoc|x86.Deploy.0 = Ad-Hoc|iPhone
		{DFF3C6B4-7EED-4836-96B1-07FE449CD3CE}.AppStore|Any CPU.ActiveCfg = AppStore|iPhone
		{DFF3C6B4-7EED-4836-96B1-07FE449CD3CE}.AppStore|Any CPU.Build.0 = AppStore|iPhone
		{DFF3C6B4-7EED-4836-96B1-07FE449CD3CE}.AppStore|Any CPU.Deploy.0 = AppStore|iPhone
		{DFF3C6B4-7EED-4836-96B1-07FE449CD3CE}.AppStore|ARM.ActiveCfg = AppStore|iPhone
		{DFF3C6B4-7EED-4836-96B1-07FE449CD3CE}.AppStore|ARM.Build.0 = AppStore|iPhone
		{DFF3C6B4-7EED-4836-96B1-07FE449CD3CE}.AppStore|ARM.Deploy.0 = AppStore|iPhone
		{DFF3C6B4-7EED-4836-96B1-07FE449CD3CE}.AppStore|iPhone.ActiveCfg = AppStore|iPhone
		{DFF3C6B4-7EED-4836-96B1-07FE449CD3CE}.AppStore|iPhone.Build.0 = AppStore|iPhone
		{DFF3C6B4-7EED-4836-96B1-07FE449CD3CE}.AppStore|iPhone.Deploy.0 = AppStore|iPhone
		{DFF3C6B4-7EED-4836-96B1-07FE449CD3CE}.AppStore|iPhoneSimulator.ActiveCfg = AppStore|iPhoneSimulator
		{DFF3C6B4-7EED-4836-96B1-07FE449CD3CE}.AppStore|iPhoneSimulator.Build.0 = AppStore|iPhoneSimulator
		{DFF3C6B4-7EED-4836-96B1-07FE449CD3CE}.AppStore|iPhoneSimulator.Deploy.0 = AppStore|iPhoneSimulator
		{DFF3C6B4-7EED-4836-96B1-07FE449CD3CE}.AppStore|x64.ActiveCfg = AppStore|iPhone
		{DFF3C6B4-7EED-4836-96B1-07FE449CD3CE}.AppStore|x64.Build.0 = AppStore|iPhone
		{DFF3C6B4-7EED-4836-96B1-07FE449CD3CE}.AppStore|x64.Deploy.0 = AppStore|iPhone
		{DFF3C6B4-7EED-4836-96B1-07FE449CD3CE}.AppStore|x86.ActiveCfg = AppStore|iPhone
		{DFF3C6B4-7EED-4836-96B1-07FE449CD3CE}.AppStore|x86.Build.0 = AppStore|iPhone
		{DFF3C6B4-7EED-4836-96B1-07FE449CD3CE}.AppStore|x86.Deploy.0 = AppStore|iPhone
		{DFF3C6B4-7EED-4836-96B1-07FE449CD3CE}.Debug|Any CPU.ActiveCfg = Debug|iPhoneSimulator
		{DFF3C6B4-7EED-4836-96B1-07FE449CD3CE}.Debug|Any CPU.Build.0 = Debug|iPhoneSimulator
		{DFF3C6B4-7EED-4836-96B1-07FE449CD3CE}.Debug|Any CPU.Deploy.0 = Debug|iPhoneSimulator
		{DFF3C6B4-7EED-4836-96B1-07FE449CD3CE}.Debug|ARM.ActiveCfg = Debug|iPhone
		{DFF3C6B4-7EED-4836-96B1-07FE449CD3CE}.Debug|ARM.Build.0 = Debug|iPhone
		{DFF3C6B4-7EED-4836-96B1-07FE449CD3CE}.Debug|ARM.Deploy.0 = Debug|iPhone
		{DFF3C6B4-7EED-4836-96B1-07FE449CD3CE}.Debug|iPhone.ActiveCfg = Debug|iPhone
		{DFF3C6B4-7EED-4836-96B1-07FE449CD3CE}.Debug|iPhone.Build.0 = Debug|iPhone
		{DFF3C6B4-7EED-4836-96B1-07FE449CD3CE}.Debug|iPhone.Deploy.0 = Debug|iPhone
		{DFF3C6B4-7EED-4836-96B1-07FE449CD3CE}.Debug|iPhoneSimulator.ActiveCfg = Debug|iPhoneSimulator
		{DFF3C6B4-7EED-4836-96B1-07FE449CD3CE}.Debug|iPhoneSimulator.Build.0 = Debug|iPhoneSimulator
		{DFF3C6B4-7EED-4836-96B1-07FE449CD3CE}.Debug|iPhoneSimulator.Deploy.0 = Debug|iPhoneSimulator
		{DFF3C6B4-7EED-4836-96B1-07FE449CD3CE}.Debug|x64.ActiveCfg = Debug|iPhone
		{DFF3C6B4-7EED-4836-96B1-07FE449CD3CE}.Debug|x64.Build.0 = Debug|iPhone
		{DFF3C6B4-7EED-4836-96B1-07FE449CD3CE}.Debug|x64.Deploy.0 = Debug|iPhone
		{DFF3C6B4-7EED-4836-96B1-07FE449CD3CE}.Debug|x86.ActiveCfg = Debug|iPhone
		{DFF3C6B4-7EED-4836-96B1-07FE449CD3CE}.Debug|x86.Build.0 = Debug|iPhone
		{DFF3C6B4-7EED-4836-96B1-07FE449CD3CE}.Debug|x86.Deploy.0 = Debug|iPhone
		{DFF3C6B4-7EED-4836-96B1-07FE449CD3CE}.Release|Any CPU.ActiveCfg = Release|iPhone
		{DFF3C6B4-7EED-4836-96B1-07FE449CD3CE}.Release|Any CPU.Build.0 = Release|iPhone
		{DFF3C6B4-7EED-4836-96B1-07FE449CD3CE}.Release|Any CPU.Deploy.0 = Release|iPhone
		{DFF3C6B4-7EED-4836-96B1-07FE449CD3CE}.Release|ARM.ActiveCfg = Release|iPhone
		{DFF3C6B4-7EED-4836-96B1-07FE449CD3CE}.Release|ARM.Build.0 = Release|iPhone
		{DFF3C6B4-7EED-4836-96B1-07FE449CD3CE}.Release|ARM.Deploy.0 = Release|iPhone
		{DFF3C6B4-7EED-4836-96B1-07FE449CD3CE}.Release|iPhone.ActiveCfg = Release|iPhone
		{DFF3C6B4-7EED-4836-96B1-07FE449CD3CE}.Release|iPhone.Build.0 = Release|iPhone
		{DFF3C6B4-7EED-4836-96B1-07FE449CD3CE}.Release|iPhone.Deploy.0 = Release|iPhone
		{DFF3C6B4-7EED-4836-96B1-07FE449CD3CE}.Release|iPhoneSimulator.ActiveCfg = Release|iPhoneSimulator
		{DFF3C6B4-7EED-4836-96B1-07FE449CD3CE}.Release|iPhoneSimulator.Build.0 = Release|iPhoneSimulator
		{DFF3C6B4-7EED-4836-96B1-07FE449CD3CE}.Release|iPhoneSimulator.Deploy.0 = Release|iPhoneSimulator
		{DFF3C6B4-7EED-4836-96B1-07FE449CD3CE}.Release|x64.ActiveCfg = Release|iPhone
		{DFF3C6B4-7EED-4836-96B1-07FE449CD3CE}.Release|x64.Build.0 = Release|iPhone
		{DFF3C6B4-7EED-4836-96B1-07FE449CD3CE}.Release|x64.Deploy.0 = Release|iPhone
		{DFF3C6B4-7EED-4836-96B1-07FE449CD3CE}.Release|x86.ActiveCfg = Release|iPhone
		{DFF3C6B4-7EED-4836-96B1-07FE449CD3CE}.Release|x86.Build.0 = Release|iPhone
		{DFF3C6B4-7EED-4836-96B1-07FE449CD3CE}.Release|x86.Deploy.0 = Release|iPhone
		{D41FCF56-0A76-4C9D-89E1-90F240DFC7A2}.Ad-Hoc|Any CPU.ActiveCfg = Release|x86
		{D41FCF56-0A76-4C9D-89E1-90F240DFC7A2}.Ad-Hoc|Any CPU.Build.0 = Release|x86
		{D41FCF56-0A76-4C9D-89E1-90F240DFC7A2}.Ad-Hoc|Any CPU.Deploy.0 = Release|x86
		{D41FCF56-0A76-4C9D-89E1-90F240DFC7A2}.Ad-Hoc|ARM.ActiveCfg = Release|ARM
		{D41FCF56-0A76-4C9D-89E1-90F240DFC7A2}.Ad-Hoc|ARM.Build.0 = Release|ARM
		{D41FCF56-0A76-4C9D-89E1-90F240DFC7A2}.Ad-Hoc|ARM.Deploy.0 = Release|ARM
		{D41FCF56-0A76-4C9D-89E1-90F240DFC7A2}.Ad-Hoc|iPhone.ActiveCfg = Release|x86
		{D41FCF56-0A76-4C9D-89E1-90F240DFC7A2}.Ad-Hoc|iPhone.Build.0 = Release|x86
		{D41FCF56-0A76-4C9D-89E1-90F240DFC7A2}.Ad-Hoc|iPhone.Deploy.0 = Release|x86
		{D41FCF56-0A76-4C9D-89E1-90F240DFC7A2}.Ad-Hoc|iPhoneSimulator.ActiveCfg = Release|x86
		{D41FCF56-0A76-4C9D-89E1-90F240DFC7A2}.Ad-Hoc|iPhoneSimulator.Build.0 = Release|x86
		{D41FCF56-0A76-4C9D-89E1-90F240DFC7A2}.Ad-Hoc|iPhoneSimulator.Deploy.0 = Release|x86
		{D41FCF56-0A76-4C9D-89E1-90F240DFC7A2}.Ad-Hoc|x64.ActiveCfg = Release|x64
		{D41FCF56-0A76-4C9D-89E1-90F240DFC7A2}.Ad-Hoc|x64.Build.0 = Release|x64
		{D41FCF56-0A76-4C9D-89E1-90F240DFC7A2}.Ad-Hoc|x64.Deploy.0 = Release|x64
		{D41FCF56-0A76-4C9D-89E1-90F240DFC7A2}.Ad-Hoc|x86.ActiveCfg = Release|x86
		{D41FCF56-0A76-4C9D-89E1-90F240DFC7A2}.Ad-Hoc|x86.Build.0 = Release|x86
		{D41FCF56-0A76-4C9D-89E1-90F240DFC7A2}.Ad-Hoc|x86.Deploy.0 = Release|x86
		{D41FCF56-0A76-4C9D-89E1-90F240DFC7A2}.AppStore|Any CPU.ActiveCfg = Release|x86
		{D41FCF56-0A76-4C9D-89E1-90F240DFC7A2}.AppStore|Any CPU.Build.0 = Release|x86
		{D41FCF56-0A76-4C9D-89E1-90F240DFC7A2}.AppStore|Any CPU.Deploy.0 = Release|x86
		{D41FCF56-0A76-4C9D-89E1-90F240DFC7A2}.AppStore|ARM.ActiveCfg = Release|ARM
		{D41FCF56-0A76-4C9D-89E1-90F240DFC7A2}.AppStore|ARM.Build.0 = Release|ARM
		{D41FCF56-0A76-4C9D-89E1-90F240DFC7A2}.AppStore|ARM.Deploy.0 = Release|ARM
		{D41FCF56-0A76-4C9D-89E1-90F240DFC7A2}.AppStore|iPhone.ActiveCfg = Release|x86
		{D41FCF56-0A76-4C9D-89E1-90F240DFC7A2}.AppStore|iPhone.Build.0 = Release|x86
		{D41FCF56-0A76-4C9D-89E1-90F240DFC7A2}.AppStore|iPhone.Deploy.0 = Release|x86
		{D41FCF56-0A76-4C9D-89E1-90F240DFC7A2}.AppStore|iPhoneSimulator.ActiveCfg = Release|x86
		{D41FCF56-0A76-4C9D-89E1-90F240DFC7A2}.AppStore|iPhoneSimulator.Build.0 = Release|x86
		{D41FCF56-0A76-4C9D-89E1-90F240DFC7A2}.AppStore|iPhoneSimulator.Deploy.0 = Release|x86
		{D41FCF56-0A76-4C9D-89E1-90F240DFC7A2}.AppStore|x64.ActiveCfg = Release|x64
		{D41FCF56-0A76-4C9D-89E1-90F240DFC7A2}.AppStore|x64.Build.0 = Release|x64
		{D41FCF56-0A76-4C9D-89E1-90F240DFC7A2}.AppStore|x64.Deploy.0 = Release|x64
		{D41FCF56-0A76-4C9D-89E1-90F240DFC7A2}.AppStore|x86.ActiveCfg = Release|x86
		{D41FCF56-0A76-4C9D-89E1-90F240DFC7A2}.AppStore|x86.Build.0 = Release|x86
		{D41FCF56-0A76-4C9D-89E1-90F240DFC7A2}.AppStore|x86.Deploy.0 = Release|x86
		{D41FCF56-0A76-4C9D-89E1-90F240DFC7A2}.Debug|Any CPU.ActiveCfg = Debug|x86
		{D41FCF56-0A76-4C9D-89E1-90F240DFC7A2}.Debug|Any CPU.Build.0 = Debug|x86
		{D41FCF56-0A76-4C9D-89E1-90F240DFC7A2}.Debug|Any CPU.Deploy.0 = Debug|x86
		{D41FCF56-0A76-4C9D-89E1-90F240DFC7A2}.Debug|ARM.ActiveCfg = Debug|ARM
		{D41FCF56-0A76-4C9D-89E1-90F240DFC7A2}.Debug|ARM.Build.0 = Debug|ARM
		{D41FCF56-0A76-4C9D-89E1-90F240DFC7A2}.Debug|ARM.Deploy.0 = Debug|ARM
		{D41FCF56-0A76-4C9D-89E1-90F240DFC7A2}.Debug|iPhone.ActiveCfg = Debug|x86
		{D41FCF56-0A76-4C9D-89E1-90F240DFC7A2}.Debug|iPhone.Build.0 = Debug|x86
		{D41FCF56-0A76-4C9D-89E1-90F240DFC7A2}.Debug|iPhone.Deploy.0 = Debug|x86
		{D41FCF56-0A76-4C9D-89E1-90F240DFC7A2}.Debug|iPhoneSimulator.ActiveCfg = Debug|x86
		{D41FCF56-0A76-4C9D-89E1-90F240DFC7A2}.Debug|iPhoneSimulator.Build.0 = Debug|x86
		{D41FCF56-0A76-4C9D-89E1-90F240DFC7A2}.Debug|iPhoneSimulator.Deploy.0 = Debug|x86
		{D41FCF56-0A76-4C9D-89E1-90F240DFC7A2}.Debug|x64.ActiveCfg = Debug|x64
		{D41FCF56-0A76-4C9D-89E1-90F240DFC7A2}.Debug|x64.Build.0 = Debug|x64
		{D41FCF56-0A76-4C9D-89E1-90F240DFC7A2}.Debug|x64.Deploy.0 = Debug|x64
		{D41FCF56-0A76-4C9D-89E1-90F240DFC7A2}.Debug|x86.ActiveCfg = Debug|x86
		{D41FCF56-0A76-4C9D-89E1-90F240DFC7A2}.Debug|x86.Build.0 = Debug|x86
		{D41FCF56-0A76-4C9D-89E1-90F240DFC7A2}.Debug|x86.Deploy.0 = Debug|x86
		{D41FCF56-0A76-4C9D-89E1-90F240DFC7A2}.Release|Any CPU.ActiveCfg = Release|x86
		{D41FCF56-0A76-4C9D-89E1-90F240DFC7A2}.Release|Any CPU.Build.0 = Release|x86
		{D41FCF56-0A76-4C9D-89E1-90F240DFC7A2}.Release|Any CPU.Deploy.0 = Release|x86
		{D41FCF56-0A76-4C9D-89E1-90F240DFC7A2}.Release|ARM.ActiveCfg = Release|ARM
		{D41FCF56-0A76-4C9D-89E1-90F240DFC7A2}.Release|ARM.Build.0 = Release|ARM
		{D41FCF56-0A76-4C9D-89E1-90F240DFC7A2}.Release|ARM.Deploy.0 = Release|ARM
		{D41FCF56-0A76-4C9D-89E1-90F240DFC7A2}.Release|iPhone.ActiveCfg = Release|x86
		{D41FCF56-0A76-4C9D-89E1-90F240DFC7A2}.Release|iPhone.Build.0 = Release|x86
		{D41FCF56-0A76-4C9D-89E1-90F240DFC7A2}.Release|iPhone.Deploy.0 = Release|x86
		{D41FCF56-0A76-4C9D-89E1-90F240DFC7A2}.Release|iPhoneSimulator.ActiveCfg = Release|x86
		{D41FCF56-0A76-4C9D-89E1-90F240DFC7A2}.Release|iPhoneSimulator.Build.0 = Release|x86
		{D41FCF56-0A76-4C9D-89E1-90F240DFC7A2}.Release|iPhoneSimulator.Deploy.0 = Release|x86
		{D41FCF56-0A76-4C9D-89E1-90F240DFC7A2}.Release|x64.ActiveCfg = Release|x64
		{D41FCF56-0A76-4C9D-89E1-90F240DFC7A2}.Release|x64.Build.0 = Release|x64
		{D41FCF56-0A76-4C9D-89E1-90F240DFC7A2}.Release|x64.Deploy.0 = Release|x64
		{D41FCF56-0A76-4C9D-89E1-90F240DFC7A2}.Release|x86.ActiveCfg = Release|x86
		{D41FCF56-0A76-4C9D-89E1-90F240DFC7A2}.Release|x86.Build.0 = Release|x86
		{D41FCF56-0A76-4C9D-89E1-90F240DFC7A2}.Release|x86.Deploy.0 = Release|x86
		{82CEF283-4CCD-47C3-81AB-CD58367A26F7}.Ad-Hoc|Any CPU.ActiveCfg = Debug|Any CPU
		{82CEF283-4CCD-47C3-81AB-CD58367A26F7}.Ad-Hoc|Any CPU.Build.0 = Debug|Any CPU
		{82CEF283-4CCD-47C3-81AB-CD58367A26F7}.Ad-Hoc|Any CPU.Deploy.0 = Debug|Any CPU
		{82CEF283-4CCD-47C3-81AB-CD58367A26F7}.Ad-Hoc|ARM.ActiveCfg = Debug|Any CPU
		{82CEF283-4CCD-47C3-81AB-CD58367A26F7}.Ad-Hoc|ARM.Build.0 = Debug|Any CPU
		{82CEF283-4CCD-47C3-81AB-CD58367A26F7}.Ad-Hoc|ARM.Deploy.0 = Debug|Any CPU
		{82CEF283-4CCD-47C3-81AB-CD58367A26F7}.Ad-Hoc|iPhone.ActiveCfg = Debug|Any CPU
		{82CEF283-4CCD-47C3-81AB-CD58367A26F7}.Ad-Hoc|iPhone.Build.0 = Debug|Any CPU
		{82CEF283-4CCD-47C3-81AB-CD58367A26F7}.Ad-Hoc|iPhone.Deploy.0 = Debug|Any CPU
		{82CEF283-4CCD-47C3-81AB-CD58367A26F7}.Ad-Hoc|iPhoneSimulator.ActiveCfg = Debug|Any CPU
		{82CEF283-4CCD-47C3-81AB-CD58367A26F7}.Ad-Hoc|iPhoneSimulator.Build.0 = Debug|Any CPU
		{82CEF283-4CCD-47C3-81AB-CD58367A26F7}.Ad-Hoc|iPhoneSimulator.Deploy.0 = Debug|Any CPU
		{82CEF283-4CCD-47C3-81AB-CD58367A26F7}.Ad-Hoc|x64.ActiveCfg = Debug|Any CPU
		{82CEF283-4CCD-47C3-81AB-CD58367A26F7}.Ad-Hoc|x64.Build.0 = Debug|Any CPU
		{82CEF283-4CCD-47C3-81AB-CD58367A26F7}.Ad-Hoc|x64.Deploy.0 = Debug|Any CPU
		{82CEF283-4CCD-47C3-81AB-CD58367A26F7}.Ad-Hoc|x86.ActiveCfg = Debug|Any CPU
		{82CEF283-4CCD-47C3-81AB-CD58367A26F7}.Ad-Hoc|x86.Build.0 = Debug|Any CPU
		{82CEF283-4CCD-47C3-81AB-CD58367A26F7}.Ad-Hoc|x86.Deploy.0 = Debug|Any CPU
		{82CEF283-4CCD-47C3-81AB-CD58367A26F7}.AppStore|Any CPU.ActiveCfg = Debug|Any CPU
		{82CEF283-4CCD-47C3-81AB-CD58367A26F7}.AppStore|Any CPU.Build.0 = Debug|Any CPU
		{82CEF283-4CCD-47C3-81AB-CD58367A26F7}.AppStore|Any CPU.Deploy.0 = Debug|Any CPU
		{82CEF283-4CCD-47C3-81AB-CD58367A26F7}.AppStore|ARM.ActiveCfg = Debug|Any CPU
		{82CEF283-4CCD-47C3-81AB-CD58367A26F7}.AppStore|ARM.Build.0 = Debug|Any CPU
		{82CEF283-4CCD-47C3-81AB-CD58367A26F7}.AppStore|ARM.Deploy.0 = Debug|Any CPU
		{82CEF283-4CCD-47C3-81AB-CD58367A26F7}.AppStore|iPhone.ActiveCfg = Debug|Any CPU
		{82CEF283-4CCD-47C3-81AB-CD58367A26F7}.AppStore|iPhone.Build.0 = Debug|Any CPU
		{82CEF283-4CCD-47C3-81AB-CD58367A26F7}.AppStore|iPhone.Deploy.0 = Debug|Any CPU
		{82CEF283-4CCD-47C3-81AB-CD58367A26F7}.AppStore|iPhoneSimulator.ActiveCfg = Debug|Any CPU
		{82CEF283-4CCD-47C3-81AB-CD58367A26F7}.AppStore|iPhoneSimulator.Build.0 = Debug|Any CPU
		{82CEF283-4CCD-47C3-81AB-CD58367A26F7}.AppStore|iPhoneSimulator.Deploy.0 = Debug|Any CPU
		{82CEF283-4CCD-47C3-81AB-CD58367A26F7}.AppStore|x64.ActiveCfg = Debug|Any CPU
		{82CEF283-4CCD-47C3-81AB-CD58367A26F7}.AppStore|x64.Build.0 = Debug|Any CPU
		{82CEF283-4CCD-47C3-81AB-CD58367A26F7}.AppStore|x64.Deploy.0 = Debug|Any CPU
		{82CEF283-4CCD-47C3-81AB-CD58367A26F7}.AppStore|x86.ActiveCfg = Debug|Any CPU
		{82CEF283-4CCD-47C3-81AB-CD58367A26F7}.AppStore|x86.Build.0 = Debug|Any CPU
		{82CEF283-4CCD-47C3-81AB-CD58367A26F7}.AppStore|x86.Deploy.0 = Debug|Any CPU
		{82CEF283-4CCD-47C3-81AB-CD58367A26F7}.Debug|Any CPU.ActiveCfg = Debug|Any CPU
		{82CEF283-4CCD-47C3-81AB-CD58367A26F7}.Debug|Any CPU.Build.0 = Debug|Any CPU
		{82CEF283-4CCD-47C3-81AB-CD58367A26F7}.Debug|Any CPU.Deploy.0 = Debug|Any CPU
		{82CEF283-4CCD-47C3-81AB-CD58367A26F7}.Debug|ARM.ActiveCfg = Debug|Any CPU
		{82CEF283-4CCD-47C3-81AB-CD58367A26F7}.Debug|ARM.Build.0 = Debug|Any CPU
		{82CEF283-4CCD-47C3-81AB-CD58367A26F7}.Debug|ARM.Deploy.0 = Debug|Any CPU
		{82CEF283-4CCD-47C3-81AB-CD58367A26F7}.Debug|iPhone.ActiveCfg = Debug|Any CPU
		{82CEF283-4CCD-47C3-81AB-CD58367A26F7}.Debug|iPhone.Build.0 = Debug|Any CPU
		{82CEF283-4CCD-47C3-81AB-CD58367A26F7}.Debug|iPhone.Deploy.0 = Debug|Any CPU
		{82CEF283-4CCD-47C3-81AB-CD58367A26F7}.Debug|iPhoneSimulator.ActiveCfg = Debug|Any CPU
		{82CEF283-4CCD-47C3-81AB-CD58367A26F7}.Debug|iPhoneSimulator.Build.0 = Debug|Any CPU
		{82CEF283-4CCD-47C3-81AB-CD58367A26F7}.Debug|iPhoneSimulator.Deploy.0 = Debug|Any CPU
		{82CEF283-4CCD-47C3-81AB-CD58367A26F7}.Debug|x64.ActiveCfg = Debug|Any CPU
		{82CEF283-4CCD-47C3-81AB-CD58367A26F7}.Debug|x64.Build.0 = Debug|Any CPU
		{82CEF283-4CCD-47C3-81AB-CD58367A26F7}.Debug|x64.Deploy.0 = Debug|Any CPU
		{82CEF283-4CCD-47C3-81AB-CD58367A26F7}.Debug|x86.ActiveCfg = Debug|Any CPU
		{82CEF283-4CCD-47C3-81AB-CD58367A26F7}.Debug|x86.Build.0 = Debug|Any CPU
		{82CEF283-4CCD-47C3-81AB-CD58367A26F7}.Debug|x86.Deploy.0 = Debug|Any CPU
		{82CEF283-4CCD-47C3-81AB-CD58367A26F7}.Release|Any CPU.ActiveCfg = Release|Any CPU
		{82CEF283-4CCD-47C3-81AB-CD58367A26F7}.Release|Any CPU.Build.0 = Release|Any CPU
		{82CEF283-4CCD-47C3-81AB-CD58367A26F7}.Release|Any CPU.Deploy.0 = Release|Any CPU
		{82CEF283-4CCD-47C3-81AB-CD58367A26F7}.Release|ARM.ActiveCfg = Release|Any CPU
		{82CEF283-4CCD-47C3-81AB-CD58367A26F7}.Release|ARM.Build.0 = Release|Any CPU
		{82CEF283-4CCD-47C3-81AB-CD58367A26F7}.Release|ARM.Deploy.0 = Release|Any CPU
		{82CEF283-4CCD-47C3-81AB-CD58367A26F7}.Release|iPhone.ActiveCfg = Release|Any CPU
		{82CEF283-4CCD-47C3-81AB-CD58367A26F7}.Release|iPhone.Build.0 = Release|Any CPU
		{82CEF283-4CCD-47C3-81AB-CD58367A26F7}.Release|iPhone.Deploy.0 = Release|Any CPU
		{82CEF283-4CCD-47C3-81AB-CD58367A26F7}.Release|iPhoneSimulator.ActiveCfg = Release|Any CPU
		{82CEF283-4CCD-47C3-81AB-CD58367A26F7}.Release|iPhoneSimulator.Build.0 = Release|Any CPU
		{82CEF283-4CCD-47C3-81AB-CD58367A26F7}.Release|iPhoneSimulator.Deploy.0 = Release|Any CPU
		{82CEF283-4CCD-47C3-81AB-CD58367A26F7}.Release|x64.ActiveCfg = Release|Any CPU
		{82CEF283-4CCD-47C3-81AB-CD58367A26F7}.Release|x64.Build.0 = Release|Any CPU
		{82CEF283-4CCD-47C3-81AB-CD58367A26F7}.Release|x64.Deploy.0 = Release|Any CPU
		{82CEF283-4CCD-47C3-81AB-CD58367A26F7}.Release|x86.ActiveCfg = Release|Any CPU
		{82CEF283-4CCD-47C3-81AB-CD58367A26F7}.Release|x86.Build.0 = Release|Any CPU
		{82CEF283-4CCD-47C3-81AB-CD58367A26F7}.Release|x86.Deploy.0 = Release|Any CPU
	EndGlobalSection
	GlobalSection(SolutionProperties) = preSolution
		HideSolutionNode = FALSE
	EndGlobalSection
	GlobalSection(ExtensibilityGlobals) = postSolution
		SolutionGuid = {268533B7-3A3B-46AE-A223-520E8048AA0D}
	EndGlobalSection
EndGlobal
